
Microsoft Visual Studio Solution File, Format Version 12.00
# Visual Studio 2012
Project("{8BC9CEB8-8B4A-11D0-8D11-00A0C91BC942}") = "Test Console", "Test Console\Test Console.vcxproj", "{46515F17-3FB8-40BC-9844-82771937D02B}"
EndProject
Project("{8BC9CEB8-8B4A-11D0-8D11-00A0C91BC942}") = "New Math Library", "New Math Library\New Math Library.vcxproj", "{3C69EFDB-7DFC-4C91-9230-D6C8CDD88425}"
EndProject
Project("{8BC9CEB8-8B4A-11D0-8D11-00A0C91BC942}") = "Utilities", "Utilities\Utilities.vcxproj", "{10AE78BB-987D-4061-A1D4-8F4ADD9A86EB}"
EndProject
Global
	GlobalSection(SolutionConfigurationPlatforms) = preSolution
		Debug|Win32 = Debug|Win32
		Debug|x64 = Debug|x64
		Release|Win32 = Release|Win32
		Release|x64 = Release|x64
	EndGlobalSection
	GlobalSection(ProjectConfigurationPlatforms) = postSolution
		{46515F17-3FB8-40BC-9844-82771937D02B}.Debug|Win32.ActiveCfg = Debug|Win32
		{46515F17-3FB8-40BC-9844-82771937D02B}.Debug|Win32.Build.0 = Debug|Win32
		{46515F17-3FB8-40BC-9844-82771937D02B}.Debug|x64.ActiveCfg = Debug|x64
		{46515F17-3FB8-40BC-9844-82771937D02B}.Debug|x64.Build.0 = Debug|x64
		{46515F17-3FB8-40BC-9844-82771937D02B}.Release|Win32.ActiveCfg = Release|Win32
		{46515F17-3FB8-40BC-9844-82771937D02B}.Release|Win32.Build.0 = Release|Win32
		{46515F17-3FB8-40BC-9844-82771937D02B}.Release|x64.ActiveCfg = Release|x64
		{46515F17-3FB8-40BC-9844-82771937D02B}.Release|x64.Build.0 = Release|x64
		{3C69EFDB-7DFC-4C91-9230-D6C8CDD88425}.Debug|Win32.ActiveCfg = Debug|Win32
		{3C69EFDB-7DFC-4C91-9230-D6C8CDD88425}.Debug|x64.ActiveCfg = Debug|x64
		{3C69EFDB-7DFC-4C91-9230-D6C8CDD88425}.Release|Win32.ActiveCfg = Release|Win32
		{3C69EFDB-7DFC-4C91-9230-D6C8CDD88425}.Release|x64.ActiveCfg = Release|x64
		{10AE78BB-987D-4061-A1D4-8F4ADD9A86EB}.Debug|Win32.ActiveCfg = Debug|Win32
		{10AE78BB-987D-4061-A1D4-8F4ADD9A86EB}.Debug|Win32.Build.0 = Debug|Win32
		{10AE78BB-987D-4061-A1D4-8F4ADD9A86EB}.Debug|x64.ActiveCfg = Debug|x64
		{10AE78BB-987D-4061-A1D4-8F4ADD9A86EB}.Debug|x64.Build.0 = Debug|x64
		{10AE78BB-987D-4061-A1D4-8F4ADD9A86EB}.Release|Win32.ActiveCfg = Release|Win32
		{10AE78BB-987D-4061-A1D4-8F4ADD9A86EB}.Release|Win32.Build.0 = Release|Win32
		{10AE78BB-987D-4061-A1D4-8F4ADD9A86EB}.Release|x64.ActiveCfg = Release|x64
		{10AE78BB-987D-4061-A1D4-8F4ADD9A86EB}.Release|x64.Build.0 = Release|x64
	EndGlobalSection
	GlobalSection(SolutionProperties) = preSolution
		HideSolutionNode = FALSE
	EndGlobalSection
EndGlobal
