<?xml version="1.0" encoding="utf-8"?>
<Project ToolsVersion="4.0" xmlns="http://schemas.microsoft.com/developer/msbuild/2003">
  <ItemGroup>
    <Filter Include="Source Files">
      <UniqueIdentifier>{4FC737F1-C7A5-4376-A066-2A32D752A2FF}</UniqueIdentifier>
      <Extensions>cpp;c;cc;cxx;def;odl;idl;hpj;bat;asm;asmx</Extensions>
    </Filter>
    <Filter Include="Header Files">
      <UniqueIdentifier>{93995380-89BD-4b04-88EB-625FBE52EBFB}</UniqueIdentifier>
      <Extensions>h;hh;hpp;hxx;hm;inl;inc;xsd</Extensions>
    </Filter>
    <Filter Include="Resource Files">
      <UniqueIdentifier>{67DA6AB6-F800-4c08-8B7A-83BB121AAD01}</UniqueIdentifier>
      <Extensions>rc;ico;cur;bmp;dlg;rc2;rct;bin;rgs;gif;jpg;jpeg;jpe;resx;tiff;tif;png;wav;mfcribbon-ms</Extensions>
    </Filter>
    <Filter Include="Header Files\Threading">
      <UniqueIdentifier>{fd490074-2be1-4e63-a91f-88e02cdc9eb8}</UniqueIdentifier>
    </Filter>
    <Filter Include="Source Files\Threading">
      <UniqueIdentifier>{c2b06f5f-d665-4417-a698-7f727fd078d3}</UniqueIdentifier>
    </Filter>
  </ItemGroup>
  <ItemGroup>
    <ClCompile Include="..\..\..\Ryan%27s Projects Repository\Engine\Source\Core\Utilities\Debugging\DebugWindow.cpp">
      <Filter>Source Files</Filter>
    </ClCompile>
    <ClCompile Include="..\..\..\Ryan%27s Projects Repository\Engine\Source\Core\Utilities\SysSyncObject.cpp">
      <Filter>Source Files</Filter>
    </ClCompile>
    <ClCompile Include="..\..\..\Ryan%27s Projects Repository\Engine\Source\Core\Utilities\ThreadPool.cpp">
      <Filter>Source Files\Threading</Filter>
    </ClCompile>
    <ClCompile Include="..\..\..\Ryan%27s Projects Repository\Engine\Source\Core\Utilities\HashString.cpp">
      <Filter>Source Files</Filter>
    </ClCompile>
    <ClCompile Include="..\..\..\Ryan%27s Projects Repository\Engine\Source\Core\Utilities\SysEvent.cpp">
      <Filter>Source Files\Threading</Filter>
    </ClCompile>
    <ClCompile Include="..\..\..\Ryan%27s Projects Repository\Engine\Source\Core\Utilities\SysSemaphore.cpp">
      <Filter>Source Files\Threading</Filter>
    </ClCompile>
    <ClCompile Include="..\..\..\Ryan%27s Projects Repository\Engine\Source\Core\Utilities\SysMutex.cpp">
      <Filter>Source Files\Threading</Filter>
    </ClCompile>
    <ClCompile Include="..\..\..\Ryan%27s Projects Repository\Engine\Source\Core\Utilities\SysThread.cpp">
      <Filter>Source Files\Threading</Filter>
    </ClCompile>
    <ClCompile Include="..\..\..\Ryan%27s Projects Repository\Engine\Source\Core\Utilities\SysHook.cpp">
      <Filter>Source Files</Filter>
    </ClCompile>
  </ItemGroup>
  <ItemGroup>
    <ClInclude Include="..\..\..\Ryan%27s Projects Repository\Engine\Source\Core\Utilities\GlobalDefines.h">
      <Filter>Header Files</Filter>
    </ClInclude>
    <ClInclude Include="..\..\..\Ryan%27s Projects Repository\Engine\Source\Core\Utilities\UtilitiesInclude.h">
      <Filter>Header Files</Filter>
    </ClInclude>
    <ClInclude Include="..\..\..\Ryan%27s Projects Repository\Engine\Source\Core\Utilities\Debugging\DebugHelp.h">
      <Filter>Header Files</Filter>
    </ClInclude>
    <ClInclude Include="..\..\..\Ryan%27s Projects Repository\Engine\Source\Core\Utilities\Debugging\DebugWindow.h">
      <Filter>Header Files</Filter>
    </ClInclude>
    <ClInclude Include="..\..\..\Ryan%27s Projects Repository\Engine\Source\Core\Utilities\FunctionPointer.h">
      <Filter>Header Files</Filter>
    </ClInclude>
    <ClInclude Include="..\..\..\Ryan%27s Projects Repository\Engine\Source\Core\Utilities\CriticalSection.h">
      <Filter>Header Files\Threading</Filter>
    </ClInclude>
    <ClInclude Include="..\..\..\Ryan%27s Projects Repository\Engine\Source\Core\Utilities\SysEvent.h">
      <Filter>Header Files\Threading</Filter>
    </ClInclude>
    <ClInclude Include="..\..\..\Ryan%27s Projects Repository\Engine\Source\Core\Utilities\SysMutex.h">
      <Filter>Header Files\Threading</Filter>
    </ClInclude>
    <ClInclude Include="..\..\..\Ryan%27s Projects Repository\Engine\Source\Core\Utilities\SysSemaphore.h">
      <Filter>Header Files\Threading</Filter>
    </ClInclude>
    <ClInclude Include="..\..\..\Ryan%27s Projects Repository\Engine\Source\Core\Utilities\SysSyncObject.h">
      <Filter>Header Files\Threading</Filter>
    </ClInclude>
    <ClInclude Include="..\..\..\Ryan%27s Projects Repository\Engine\Source\Core\Utilities\ThreadPool.h">
      <Filter>Header Files\Threading</Filter>
    </ClInclude>
    <ClInclude Include="..\..\..\Ryan%27s Projects Repository\Engine\Source\Core\Utilities\HashString.h">
      <Filter>Header Files</Filter>
    </ClInclude>
    <ClInclude Include="..\..\..\Ryan%27s Projects Repository\Engine\Source\Core\Utilities\SysThread.h">
      <Filter>Header Files\Threading</Filter>
    </ClInclude>
    <ClInclude Include="..\..\..\Ryan%27s Projects Repository\Engine\Source\Core\Utilities\SysHook.h">
      <Filter>Header Files</Filter>
    </ClInclude>
  </ItemGroup>
</Project>